// !$*UTF8*$!
{
	archiveVersion = 1;
	classes = {
	};
	objectVersion = 77;
	objects = {

/* Begin PBXContainerItemProxy section */
		244EAE7F2D45826800F2AC63 /* PBXContainerItemProxy */ = {
			isa = PBXContainerItemProxy;
			containerPortal = 244EAE662D45826700F2AC63 /* Project object */;
			proxyType = 1;
			remoteGlobalIDString = 244EAE6D2D45826700F2AC63;
			remoteInfo = MoneySplitterApp;
		};
		244EAE892D45826800F2AC63 /* PBXContainerItemProxy */ = {
			isa = PBXContainerItemProxy;
			containerPortal = 244EAE662D45826700F2AC63 /* Project object */;
			proxyType = 1;
			remoteGlobalIDString = 244EAE6D2D45826700F2AC63;
			remoteInfo = MoneySplitterApp;
		};
/* End PBXContainerItemProxy section */

/* Begin PBXFileReference section */
		244EAE6E2D45826700F2AC63 /* MoneySplitterApp.app */ = {isa = PBXFileReference; explicitFileType = wrapper.application; includeInIndex = 0; path = MoneySplitterApp.app; sourceTree = BUILT_PRODUCTS_DIR; };
		244EAE7E2D45826800F2AC63 /* MoneySplitterAppTests.xctest */ = {isa = PBXFileReference; explicitFileType = wrapper.cfbundle; includeInIndex = 0; path = MoneySplitterAppTests.xctest; sourceTree = BUILT_PRODUCTS_DIR; };
		244EAE882D45826800F2AC63 /* MoneySplitterAppUITests.xctest */ = {isa = PBXFileReference; explicitFileType = wrapper.cfbundle; includeInIndex = 0; path = MoneySplitterAppUITests.xctest; sourceTree = BUILT_PRODUCTS_DIR; };
/* End PBXFileReference section */

/* Begin PBXFileSystemSynchronizedRootGroup section */
		244EAE702D45826700F2AC63 /* MoneySplitterApp */ = {
			isa = PBXFileSystemSynchronizedRootGroup;
			path = MoneySplitterApp;
			sourceTree = "<group>";
		};
		244EAE812D45826800F2AC63 /* MoneySplitterAppTests */ = {
			isa = PBXFileSystemSynchronizedRootGroup;
			path = MoneySplitterAppTests;
			sourceTree = "<group>";
		};
		244EAE8B2D45826800F2AC63 /* MoneySplitterAppUITests */ = {
			isa = PBXFileSystemSynchronizedRootGroup;
			path = MoneySplitterAppUITests;
			sourceTree = "<group>";
		};
/* End PBXFileSystemSynchronizedRootGroup section */

/* Begin PBXFrameworksBuildPhase section */
		244EAE6B2D45826700F2AC63 /* Frameworks */ = {
			isa = PBXFrameworksBuildPhase;
			buildActionMask = 2147483647;
			files = (
			);
			runOnlyForDeploymentPostprocessing = 0;
		};
		244EAE7B2D45826800F2AC63 /* Frameworks */ = {
			isa = PBXFrameworksBuildPhase;
			buildActionMask = 2147483647;
			files = (
			);
			runOnlyForDeploymentPostprocessing = 0;
		};
		244EAE852D45826800F2AC63 /* Frameworks */ = {
			isa = PBXFrameworksBuildPhase;
			buildActionMask = 2147483647;
			files = (
			);
			runOnlyForDeploymentPostprocessing = 0;
		};
/* End PBXFrameworksBuildPhase section */

/* Begin PBXGroup section */
		244EAE652D45826700F2AC63 = {
			isa = PBXGroup;
			children = (
				244EAE702D45826700F2AC63 /* MoneySplitterApp */,
				244EAE812D45826800F2AC63 /* MoneySplitterAppTests */,
				244EAE8B2D45826800F2AC63 /* MoneySplitterAppUITests */,
				244EAE6F2D45826700F2AC63 /* Products */,
			);
			sourceTree = "<group>";
		};
		244EAE6F2D45826700F2AC63 /* Products */ = {
			isa = PBXGroup;
			children = (
				244EAE6E2D45826700F2AC63 /* MoneySplitterApp.app */,
				244EAE7E2D45826800F2AC63 /* MoneySplitterAppTests.xctest */,
				244EAE882D45826800F2AC63 /* MoneySplitterAppUITests.xctest */,
			);
			name = Products;
			sourceTree = "<group>";
		};
/* End PBXGroup section */

/* Begin PBXNativeTarget section */
		244EAE6D2D45826700F2AC63 /* MoneySplitterApp */ = {
			isa = PBXNativeTarget;
			buildConfigurationList = 244EAE922D45826800F2AC63 /* Build configuration list for PBXNativeTarget "MoneySplitterApp" */;
			buildPhases = (
				244EAE6A2D45826700F2AC63 /* Sources */,
				244EAE6B2D45826700F2AC63 /* Frameworks */,
				244EAE6C2D45826700F2AC63 /* Resources */,
			);
			buildRules = (
			);
			dependencies = (
			);
			fileSystemSynchronizedGroups = (
				244EAE702D45826700F2AC63 /* MoneySplitterApp */,
			);
			name = MoneySplitterApp;
			packageProductDependencies = (
			);
			productName = MoneySplitterApp;
			productReference = 244EAE6E2D45826700F2AC63 /* MoneySplitterApp.app */;
			productType = "com.apple.product-type.application";
		};
		244EAE7D2D45826800F2AC63 /* MoneySplitterAppTests */ = {
			isa = PBXNativeTarget;
			buildConfigurationList = 244EAE952D45826800F2AC63 /* Build configuration list for PBXNativeTarget "MoneySplitterAppTests" */;
			buildPhases = (
				244EAE7A2D45826800F2AC63 /* Sources */,
				244EAE7B2D45826800F2AC63 /* Frameworks */,
				244EAE7C2D45826800F2AC63 /* Resources */,
			);
			buildRules = (
			);
			dependencies = (
				244EAE802D45826800F2AC63 /* PBXTargetDependency */,
			);
			fileSystemSynchronizedGroups = (
				244EAE812D45826800F2AC63 /* MoneySplitterAppTests */,
			);
			name = MoneySplitterAppTests;
			packageProductDependencies = (
			);
			productName = MoneySplitterAppTests;
			productReference = 244EAE7E2D45826800F2AC63 /* MoneySplitterAppTests.xctest */;
			productType = "com.apple.product-type.bundle.unit-test";
		};
		244EAE872D45826800F2AC63 /* MoneySplitterAppUITests */ = {
			isa = PBXNativeTarget;
			buildConfigurationList = 244EAE982D45826800F2AC63 /* Build configuration list for PBXNativeTarget "MoneySplitterAppUITests" */;
			buildPhases = (
				244EAE842D45826800F2AC63 /* Sources */,
				244EAE852D45826800F2AC63 /* Frameworks */,
				244EAE862D45826800F2AC63 /* Resources */,
			);
			buildRules = (
			);
			dependencies = (
				244EAE8A2D45826800F2AC63 /* PBXTargetDependency */,
			);
			fileSystemSynchronizedGroups = (
				244EAE8B2D45826800F2AC63 /* MoneySplitterAppUITests */,
			);
			name = MoneySplitterAppUITests;
			packageProductDependencies = (
			);
			productName = MoneySplitterAppUITests;
			productReference = 244EAE882D45826800F2AC63 /* MoneySplitterAppUITests.xctest */;
			productType = "com.apple.product-type.bundle.ui-testing";
		};
/* End PBXNativeTarget section */

/* Begin PBXProject section */
		244EAE662D45826700F2AC63 /* Project object */ = {
			isa = PBXProject;
			attributes = {
				BuildIndependentTargetsInParallel = 1;
				LastSwiftUpdateCheck = 1610;
				LastUpgradeCheck = 1610;
				TargetAttributes = {
					244EAE6D2D45826700F2AC63 = {
						CreatedOnToolsVersion = 16.1;
					};
					244EAE7D2D45826800F2AC63 = {
						CreatedOnToolsVersion = 16.1;
						TestTargetID = 244EAE6D2D45826700F2AC63;
					};
					244EAE872D45826800F2AC63 = {
						CreatedOnToolsVersion = 16.1;
						TestTargetID = 244EAE6D2D45826700F2AC63;
					};
				};
			};
			buildConfigurationList = 244EAE692D45826700F2AC63 /* Build configuration list for PBXProject "MoneySplitterApp" */;
			developmentRegion = en;
			hasScannedForEncodings = 0;
			knownRegions = (
				en,
				Base,
			);
			mainGroup = 244EAE652D45826700F2AC63;
			minimizedProjectReferenceProxies = 1;
			preferredProjectObjectVersion = 77;
			productRefGroup = 244EAE6F2D45826700F2AC63 /* Products */;
			projectDirPath = "";
			projectRoot = "";
			targets = (
				244EAE6D2D45826700F2AC63 /* MoneySplitterApp */,
				244EAE7D2D45826800F2AC63 /* MoneySplitterAppTests */,
				244EAE872D45826800F2AC63 /* MoneySplitterAppUITests */,
			);
		};
/* End PBXProject section */

/* Begin PBXResourcesBuildPhase section */
		244EAE6C2D45826700F2AC63 /* Resources */ = {
			isa = PBXResourcesBuildPhase;
			buildActionMask = 2147483647;
			files = (
			);
			runOnlyForDeploymentPostprocessing = 0;
		};
		244EAE7C2D45826800F2AC63 /* Resources */ = {
			isa = PBXResourcesBuildPhase;
			buildActionMask = 2147483647;
			files = (
			);
			runOnlyForDeploymentPostprocessing = 0;
		};
		244EAE862D45826800F2AC63 /* Resources */ = {
			isa = PBXResourcesBuildPhase;
			buildActionMask = 2147483647;
			files = (
			);
			runOnlyForDeploymentPostprocessing = 0;
		};
/* End PBXResourcesBuildPhase section */

/* Begin PBXSourcesBuildPhase section */
		244EAE6A2D45826700F2AC63 /* Sources */ = {
			isa = PBXSourcesBuildPhase;
			buildActionMask = 2147483647;
			files = (
			);
			runOnlyForDeploymentPostprocessing = 0;
		};
		244EAE7A2D45826800F2AC63 /* Sources */ = {
			isa = PBXSourcesBuildPhase;
			buildActionMask = 2147483647;
			files = (
			);
			runOnlyForDeploymentPostprocessing = 0;
		};
		244EAE842D45826800F2AC63 /* Sources */ = {
			isa = PBXSourcesBuildPhase;
			buildActionMask = 2147483647;
			files = (
			);
			runOnlyForDeploymentPostprocessing = 0;
		};
/* End PBXSourcesBuildPhase section */

/* Begin PBXTargetDependency section */
		244EAE802D45826800F2AC63 /* PBXTargetDependency */ = {
			isa = PBXTargetDependency;
			target = 244EAE6D2D45826700F2AC63 /* MoneySplitterApp */;
			targetProxy = 244EAE7F2D45826800F2AC63 /* PBXContainerItemProxy */;
		};
		244EAE8A2D45826800F2AC63 /* PBXTargetDependency */ = {
			isa = PBXTargetDependency;
			target = 244EAE6D2D45826700F2AC63 /* MoneySplitterApp */;
			targetProxy = 244EAE892D45826800F2AC63 /* PBXContainerItemProxy */;
		};
/* End PBXTargetDependency section */

/* Begin XCBuildConfiguration section */
		244EAE902D45826800F2AC63 /* Debug */ = {
			isa = XCBuildConfiguration;
			buildSettings = {
				ALWAYS_SEARCH_USER_PATHS = NO;
				ASSETCATALOG_COMPILER_GENERATE_SWIFT_ASSET_SYMBOL_EXTENSIONS = YES;
				CLANG_ANALYZER_NONNULL = YES;
				CLANG_ANALYZER_NUMBER_OBJECT_CONVERSION = YES_AGGRESSIVE;
				CLANG_CXX_LANGUAGE_STANDARD = "gnu++20";
				CLANG_ENABLE_MODULES = YES;
				CLANG_ENABLE_OBJC_ARC = YES;
				CLANG_ENABLE_OBJC_WEAK = YES;
				CLANG_WARN_BLOCK_CAPTURE_AUTORELEASING = YES;
				CLANG_WARN_BOOL_CONVERSION = YES;
				CLANG_WARN_COMMA = YES;
				CLANG_WARN_CONSTANT_CONVERSION = YES;
				CLANG_WARN_DEPRECATED_OBJC_IMPLEMENTATIONS = YES;
				CLANG_WARN_DIRECT_OBJC_ISA_USAGE = YES_ERROR;
				CLANG_WARN_DOCUMENTATION_COMMENTS = YES;
				CLANG_WARN_EMPTY_BODY = YES;
				CLANG_WARN_ENUM_CONVERSION = YES;
				CLANG_WARN_INFINITE_RECURSION = YES;
				CLANG_WARN_INT_CONVERSION = YES;
				CLANG_WARN_NON_LITERAL_NULL_CONVERSION = YES;
				CLANG_WARN_OBJC_IMPLICIT_RETAIN_SELF = YES;
				CLANG_WARN_OBJC_LITERAL_CONVERSION = YES;
				CLANG_WARN_OBJC_ROOT_CLASS = YES_ERROR;
				CLANG_WARN_QUOTED_INCLUDE_IN_FRAMEWORK_HEADER = YES;
				CLANG_WARN_RANGE_LOOP_ANALYSIS = YES;
				CLANG_WARN_STRICT_PROTOTYPES = YES;
				CLANG_WARN_SUSPICIOUS_MOVE = YES;
				CLANG_WARN_UNGUARDED_AVAILABILITY = YES_AGGRESSIVE;
				CLANG_WARN_UNREACHABLE_CODE = YES;
				CLANG_WARN__DUPLICATE_METHOD_MATCH = YES;
				COPY_PHASE_STRIP = NO;
				DEBUG_INFORMATION_FORMAT = dwarf;
				ENABLE_STRICT_OBJC_MSGSEND = YES;
				ENABLE_TESTABILITY = YES;
				ENABLE_USER_SCRIPT_SANDBOXING = YES;
				GCC_C_LANGUAGE_STANDARD = gnu17;
				GCC_DYNAMIC_NO_PIC = NO;
				GCC_NO_COMMON_BLOCKS = YES;
				GCC_OPTIMIZATION_LEVEL = 0;
				GCC_PREPROCESSOR_DEFINITIONS = (
					"DEBUG=1",
					"$(inherited)",
				);
				GCC_WARN_64_TO_32_BIT_CONVERSION = YES;
				GCC_WARN_ABOUT_RETURN_TYPE = YES_ERROR;
				GCC_WARN_UNDECLARED_SELECTOR = YES;
				GCC_WARN_UNINITIALIZED_AUTOS = YES_AGGRESSIVE;
				GCC_WARN_UNUSED_FUNCTION = YES;
				GCC_WARN_UNUSED_VARIABLE = YES;
				IPHONEOS_DEPLOYMENT_TARGET = 18.1;
				LOCALIZATION_PREFERS_STRING_CATALOGS = YES;
				MTL_ENABLE_DEBUG_INFO = INCLUDE_SOURCE;
				MTL_FAST_MATH = YES;
				ONLY_ACTIVE_ARCH = YES;
				SDKROOT = iphoneos;
				SWIFT_ACTIVE_COMPILATION_CONDITIONS = "DEBUG $(inherited)";
				SWIFT_OPTIMIZATION_LEVEL = "-Onone";
			};
			name = Debug;
		};
		244EAE912D45826800F2AC63 /* Release */ = {
			isa = XCBuildConfiguration;
			buildSettings = {
				ALWAYS_SEARCH_USER_PATHS = NO;
				ASSETCATALOG_COMPILER_GENERATE_SWIFT_ASSET_SYMBOL_EXTENSIONS = YES;
				CLANG_ANALYZER_NONNULL = YES;
				CLANG_ANALYZER_NUMBER_OBJECT_CONVERSION = YES_AGGRESSIVE;
				CLANG_CXX_LANGUAGE_STANDARD = "gnu++20";
				CLANG_ENABLE_MODULES = YES;
				CLANG_ENABLE_OBJC_ARC = YES;
				CLANG_ENABLE_OBJC_WEAK = YES;
				CLANG_WARN_BLOCK_CAPTURE_AUTORELEASING = YES;
				CLANG_WARN_BOOL_CONVERSION = YES;
				CLANG_WARN_COMMA = YES;
				CLANG_WARN_CONSTANT_CONVERSION = YES;
				CLANG_WARN_DEPRECATED_OBJC_IMPLEMENTATIONS = YES;
				CLANG_WARN_DIRECT_OBJC_ISA_USAGE = YES_ERROR;
				CLANG_WARN_DOCUMENTATION_COMMENTS = YES;
				CLANG_WARN_EMPTY_BODY = YES;
				CLANG_WARN_ENUM_CONVERSION = YES;
				CLANG_WARN_INFINITE_RECURSION = YES;
				CLANG_WARN_INT_CONVERSION = YES;
				CLANG_WARN_NON_LITERAL_NULL_CONVERSION = YES;
				CLANG_WARN_OBJC_IMPLICIT_RETAIN_SELF = YES;
				CLANG_WARN_OBJC_LITERAL_CONVERSION = YES;
				CLANG_WARN_OBJC_ROOT_CLASS = YES_ERROR;
				CLANG_WARN_QUOTED_INCLUDE_IN_FRAMEWORK_HEADER = YES;
				CLANG_WARN_RANGE_LOOP_ANALYSIS = YES;
				CLANG_WARN_STRICT_PROTOTYPES = YES;
				CLANG_WARN_SUSPICIOUS_MOVE = YES;
				CLANG_WARN_UNGUARDED_AVAILABILITY = YES_AGGRESSIVE;
				CLANG_WARN_UNREACHABLE_CODE = YES;
				CLANG_WARN__DUPLICATE_METHOD_MATCH = YES;
				COPY_PHASE_STRIP = NO;
				DEBUG_INFORMATION_FORMAT = "dwarf-with-dsym";
				ENABLE_NS_ASSERTIONS = NO;
				ENABLE_STRICT_OBJC_MSGSEND = YES;
				ENABLE_USER_SCRIPT_SANDBOXING = YES;
				GCC_C_LANGUAGE_STANDARD = gnu17;
				GCC_NO_COMMON_BLOCKS = YES;
				GCC_WARN_64_TO_32_BIT_CONVERSION = YES;
				GCC_WARN_ABOUT_RETURN_TYPE = YES_ERROR;
				GCC_WARN_UNDECLARED_SELECTOR = YES;
				GCC_WARN_UNINITIALIZED_AUTOS = YES_AGGRESSIVE;
				GCC_WARN_UNUSED_FUNCTION = YES;
				GCC_WARN_UNUSED_VARIABLE = YES;
				IPHONEOS_DEPLOYMENT_TARGET = 18.1;
				LOCALIZATION_PREFERS_STRING_CATALOGS = YES;
				MTL_ENABLE_DEBUG_INFO = NO;
				MTL_FAST_MATH = YES;
				SDKROOT = iphoneos;
				SWIFT_COMPILATION_MODE = wholemodule;
				VALIDATE_PRODUCT = YES;
			};
			name = Release;
		};
		244EAE932D45826800F2AC63 /* Debug */ = {
			isa = XCBuildConfiguration;
			buildSettings = {
				ASSETCATALOG_COMPILER_APPICON_NAME = AppIcon;
				ASSETCATALOG_COMPILER_GLOBAL_ACCENT_COLOR_NAME = AccentColor;
				CODE_SIGN_STYLE = Automatic;
				CURRENT_PROJECT_VERSION = 1;
				DEVELOPMENT_ASSET_PATHS = "\"MoneySplitterApp/Preview Content\"";
				DEVELOPMENT_TEAM = SH225JG2GM;
				ENABLE_PREVIEWS = YES;
				GENERATE_INFOPLIST_FILE = YES;
				INFOPLIST_KEY_UIApplicationSceneManifest_Generation = YES;
				INFOPLIST_KEY_UIApplicationSupportsIndirectInputEvents = YES;
				INFOPLIST_KEY_UILaunchScreen_Generation = YES;
				INFOPLIST_KEY_UISupportedInterfaceOrientations_iPad = "UIInterfaceOrientationPortrait UIInterfaceOrientationPortraitUpsideDown UIInterfaceOrientationLandscapeLeft UIInterfaceOrientationLandscapeRight";
				INFOPLIST_KEY_UISupportedInterfaceOrientations_iPhone = "UIInterfaceOrientationPortrait UIInterfaceOrientationLandscapeLeft UIInterfaceOrientationLandscapeRight";
				IPHONEOS_DEPLOYMENT_TARGET = 18.0;
				LD_RUNPATH_SEARCH_PATHS = (
					"$(inherited)",
					"@executable_path/Frameworks",
				);
				MARKETING_VERSION = 1.0;
				PRODUCT_BUNDLE_IDENTIFIER = "ge.Mikheil-Muchaidze.MoneySplitterApp";
				PRODUCT_NAME = "$(TARGET_NAME)";
				SWIFT_EMIT_LOC_STRINGS = YES;
				SWIFT_VERSION = 5.0;
				TARGETED_DEVICE_FAMILY = "1,2";
			};
			name = Debug;
		};
		244EAE942D45826800F2AC63 /* Release */ = {
			isa = XCBuildConfiguration;
			buildSettings = {
				ASSETCATALOG_COMPILER_APPICON_NAME = AppIcon;
				ASSETCATALOG_COMPILER_GLOBAL_ACCENT_COLOR_NAME = AccentColor;
				CODE_SIGN_STYLE = Automatic;
				CURRENT_PROJECT_VERSION = 1;
				DEVELOPMENT_ASSET_PATHS = "\"MoneySplitterApp/Preview Content\"";
				DEVELOPMENT_TEAM = SH225JG2GM;
				ENABLE_PREVIEWS = YES;
				GENERATE_INFOPLIST_FILE = YES;
				INFOPLIST_KEY_UIApplicationSceneManifest_Generation = YES;
				INFOPLIST_KEY_UIApplicationSupportsIndirectInputEvents = YES;
				INFOPLIST_KEY_UILaunchScreen_Generation = YES;
				INFOPLIST_KEY_UISupportedInterfaceOrientations_iPad = "UIInterfaceOrientationPortrait UIInterfaceOrientationPortraitUpsideDown UIInterfaceOrientationLandscapeLeft UIInterfaceOrientationLandscapeRight";
				INFOPLIST_KEY_UISupportedInterfaceOrientations_iPhone = "UIInterfaceOrientationPortrait UIInterfaceOrientationLandscapeLeft UIInterfaceOrientationLandscapeRight";
				IPHONEOS_DEPLOYMENT_TARGET = 18.0;
				LD_RUNPATH_SEARCH_PATHS = (
					"$(inherited)",
					"@executable_path/Frameworks",
				);
				MARKETING_VERSION = 1.0;
				PRODUCT_BUNDLE_IDENTIFIER = "ge.Mikheil-Muchaidze.MoneySplitterApp";
				PRODUCT_NAME = "$(TARGET_NAME)";
				SWIFT_EMIT_LOC_STRINGS = YES;
				SWIFT_VERSION = 5.0;
				TARGETED_DEVICE_FAMILY = "1,2";
			};
			name = Release;
		};
		244EAE962D45826800F2AC63 /* Debug */ = {
			isa = XCBuildConfiguration;
			buildSettings = {
				BUNDLE_LOADER = "$(TEST_HOST)";
				CODE_SIGN_STYLE = Automatic;
				CURRENT_PROJECT_VERSION = 1;
				GENERATE_INFOPLIST_FILE = YES;
				IPHONEOS_DEPLOYMENT_TARGET = 18.1;
				MARKETING_VERSION = 1.0;
				PRODUCT_BUNDLE_IDENTIFIER = "ge.Mikheil-Muchaidze.MoneySplitterAppTests";
				PRODUCT_NAME = "$(TARGET_NAME)";
				SWIFT_EMIT_LOC_STRINGS = NO;
				SWIFT_VERSION = 5.0;
				TARGETED_DEVICE_FAMILY = "1,2";
				TEST_HOST = "$(BUILT_PRODUCTS_DIR)/MoneySplitterApp.app/$(BUNDLE_EXECUTABLE_FOLDER_PATH)/MoneySplitterApp";
			};
			name = Debug;
		};
		244EAE972D45826800F2AC63 /* Release */ = {
			isa = XCBuildConfiguration;
			buildSettings = {
				BUNDLE_LOADER = "$(TEST_HOST)";
				CODE_SIGN_STYLE = Automatic;
				CURRENT_PROJECT_VERSION = 1;
				GENERATE_INFOPLIST_FILE = YES;
				IPHONEOS_DEPLOYMENT_TARGET = 18.1;
				MARKETING_VERSION = 1.0;
				PRODUCT_BUNDLE_IDENTIFIER = "ge.Mikheil-Muchaidze.MoneySplitterAppTests";
				PRODUCT_NAME = "$(TARGET_NAME)";
				SWIFT_EMIT_LOC_STRINGS = NO;
				SWIFT_VERSION = 5.0;
				TARGETED_DEVICE_FAMILY = "1,2";
				TEST_HOST = "$(BUILT_PRODUCTS_DIR)/MoneySplitterApp.app/$(BUNDLE_EXECUTABLE_FOLDER_PATH)/MoneySplitterApp";
			};
			name = Release;
		};
		244EAE992D45826800F2AC63 /* Debug */ = {
			isa = XCBuildConfiguration;
			buildSettings = {
				CODE_SIGN_STYLE = Automatic;
				CURRENT_PROJECT_VERSION = 1;
				GENERATE_INFOPLIST_FILE = YES;
				MARKETING_VERSION = 1.0;
				PRODUCT_BUNDLE_IDENTIFIER = "ge.Mikheil-Muchaidze.MoneySplitterAppUITests";
				PRODUCT_NAME = "$(TARGET_NAME)";
				SWIFT_EMIT_LOC_STRINGS = NO;
				SWIFT_VERSION = 5.0;
				TARGETED_DEVICE_FAMILY = "1,2";
				TEST_TARGET_NAME = MoneySplitterApp;
			};
			name = Debug;
		};
		244EAE9A2D45826800F2AC63 /* Release */ = {
			isa = XCBuildConfiguration;
			buildSettings = {
				CODE_SIGN_STYLE = Automatic;
				CURRENT_PROJECT_VERSION = 1;
				GENERATE_INFOPLIST_FILE = YES;
				MARKETING_VERSION = 1.0;
				PRODUCT_BUNDLE_IDENTIFIER = "ge.Mikheil-Muchaidze.MoneySplitterAppUITests";
				PRODUCT_NAME = "$(TARGET_NAME)";
				SWIFT_EMIT_LOC_STRINGS = NO;
				SWIFT_VERSION = 5.0;
				TARGETED_DEVICE_FAMILY = "1,2";
				TEST_TARGET_NAME = MoneySplitterApp;
			};
			name = Release;
		};
/* End XCBuildConfiguration section */

/* Begin XCConfigurationList section */
		244EAE692D45826700F2AC63 /* Build configuration list for PBXProject "MoneySplitterApp" */ = {
			isa = XCConfigurationList;
			buildConfigurations = (
				244EAE902D45826800F2AC63 /* Debug */,
				244EAE912D45826800F2AC63 /* Release */,
			);
			defaultConfigurationIsVisible = 0;
			defaultConfigurationName = Release;
		};
		244EAE922D45826800F2AC63 /* Build configuration list for PBXNativeTarget "MoneySplitterApp" */ = {
			isa = XCConfigurationList;
			buildConfigurations = (
				244EAE932D45826800F2AC63 /* Debug */,
				244EAE942D45826800F2AC63 /* Release */,
			);
			defaultConfigurationIsVisible = 0;
			defaultConfigurationName = Release;
		};
		244EAE952D45826800F2AC63 /* Build configuration list for PBXNativeTarget "MoneySplitterAppTests" */ = {
			isa = XCConfigurationList;
			buildConfigurations = (
				244EAE962D45826800F2AC63 /* Debug */,
				244EAE972D45826800F2AC63 /* Release */,
			);
			defaultConfigurationIsVisible = 0;
			defaultConfigurationName = Release;
		};
		244EAE982D45826800F2AC63 /* Build configuration list for PBXNativeTarget "MoneySplitterAppUITests" */ = {
			isa = XCConfigurationList;
			buildConfigurations = (
				244EAE992D45826800F2AC63 /* Debug */,
				244EAE9A2D45826800F2AC63 /* Release */,
			);
			defaultConfigurationIsVisible = 0;
			defaultConfigurationName = Release;
		};
/* End XCConfigurationList section */
	};
	rootObject = 244EAE662D45826700F2AC63 /* Project object */;
}
